{
  "name": "use-dcj-imooc",
  "version": "1.0.0",
  "lockfileVersion": 1,
  "requires": true,
  "dependencies": {
    "dcj-imooc": {
      "version": "1.0.1",
      "resolved": "https://registry.npmjs.org/dcj-imooc/-/dcj-imooc-1.0.1.tgz",
      "integrity": "sha512-fls1392B8swlnxhppAyhnmW2590yHi6bnIz9AwYtNYBlEdOLzQt+jTWu4jlbOjJnlPuntfWgUtGaqTUMOUiCLg==",
      "dev": true
    }
  }
}
